
Microsoft Visual Studio Solution File, Format Version 12.00
# Visual Studio Version 17
VisualStudioVersion = 17.1.32328.378
MinimumVisualStudioVersion = 10.0.40219.1
Project("{FAE04EC0-301F-11D3-BF4B-00C04F79EFBC}") = "HamsterWarsWebAssembly.Server", "HamsterWarsWebAssembly\Server\HamsterWarsWebAssembly.Server.csproj", "{2AE283D7-D3F8-4836-AED0-5958FFF1FFCF}"
EndProject
Project("{FAE04EC0-301F-11D3-BF4B-00C04F79EFBC}") = "HamsterWarsWebAssembly.Client", "HamsterWarsWebAssembly\Client\HamsterWarsWebAssembly.Client.csproj", "{E9C9FCC2-78FA-4E07-A053-BF9FF97F8B86}"
EndProject
Project("{FAE04EC0-301F-11D3-BF4B-00C04F79EFBC}") = "HamsterWarsWebAssembly.Shared", "HamsterWarsWebAssembly\Shared\HamsterWarsWebAssembly.Shared.csproj", "{E08A19AE-E864-4C43-A3D3-85A453E91EE1}"
EndProject
Global
	GlobalSection(SolutionConfigurationPlatforms) = preSolution
		Debug|Any CPU = Debug|Any CPU
		Release|Any CPU = Release|Any CPU
	EndGlobalSection
	GlobalSection(ProjectConfigurationPlatforms) = postSolution
		{2AE283D7-D3F8-4836-AED0-5958FFF1FFCF}.Debug|Any CPU.ActiveCfg = Debug|Any CPU
		{2AE283D7-D3F8-4836-AED0-5958FFF1FFCF}.Debug|Any CPU.Build.0 = Debug|Any CPU
		{2AE283D7-D3F8-4836-AED0-5958FFF1FFCF}.Release|Any CPU.ActiveCfg = Release|Any CPU
		{2AE283D7-D3F8-4836-AED0-5958FFF1FFCF}.Release|Any CPU.Build.0 = Release|Any CPU
		{E9C9FCC2-78FA-4E07-A053-BF9FF97F8B86}.Debug|Any CPU.ActiveCfg = Debug|Any CPU
		{E9C9FCC2-78FA-4E07-A053-BF9FF97F8B86}.Debug|Any CPU.Build.0 = Debug|Any CPU
		{E9C9FCC2-78FA-4E07-A053-BF9FF97F8B86}.Release|Any CPU.ActiveCfg = Release|Any CPU
		{E9C9FCC2-78FA-4E07-A053-BF9FF97F8B86}.Release|Any CPU.Build.0 = Release|Any CPU
		{E08A19AE-E864-4C43-A3D3-85A453E91EE1}.Debug|Any CPU.ActiveCfg = Debug|Any CPU
		{E08A19AE-E864-4C43-A3D3-85A453E91EE1}.Debug|Any CPU.Build.0 = Debug|Any CPU
		{E08A19AE-E864-4C43-A3D3-85A453E91EE1}.Release|Any CPU.ActiveCfg = Release|Any CPU
		{E08A19AE-E864-4C43-A3D3-85A453E91EE1}.Release|Any CPU.Build.0 = Release|Any CPU
	EndGlobalSection
	GlobalSection(SolutionProperties) = preSolution
		HideSolutionNode = FALSE
	EndGlobalSection
	GlobalSection(ExtensibilityGlobals) = postSolution
		SolutionGuid = {46B0283C-16F2-49D0-979C-F3285DAA9EE8}
	EndGlobalSection
EndGlobal
